
Microsoft Visual Studio Solution File, Format Version 12.00
# Visual Studio Version 17
VisualStudioVersion = 17.5.002.0
MinimumVisualStudioVersion = 10.0.40219.1
Project("{9A19103F-16F7-4668-BE54-9A1E7A4F7556}") = "CaluireMobile.0", "CaluireMobile.0.csproj", "{3CE283A3-9830-47A9-A75B-88537CD8F0D7}"
EndProject
Project("{FAE04EC0-301F-11D3-BF4B-00C04F79EFBC}") = "CaluireMobileTest", "..\CaluireMobileTest\CaluireMobileTest.csproj", "{4D88C455-3706-4F63-8ABA-533C03360D33}"
EndProject
Global
	GlobalSection(SolutionConfigurationPlatforms) = preSolution
		Debug|Any CPU = Debug|Any CPU
		Release|Any CPU = Release|Any CPU
	EndGlobalSection
	GlobalSection(ProjectConfigurationPlatforms) = postSolution
		{3CE283A3-9830-47A9-A75B-88537CD8F0D7}.Debug|Any CPU.ActiveCfg = Debug|Any CPU
		{3CE283A3-9830-47A9-A75B-88537CD8F0D7}.Debug|Any CPU.Build.0 = Debug|Any CPU
		{3CE283A3-9830-47A9-A75B-88537CD8F0D7}.Release|Any CPU.ActiveCfg = Release|Any CPU
		{3CE283A3-9830-47A9-A75B-88537CD8F0D7}.Release|Any CPU.Build.0 = Release|Any CPU
		{4D88C455-3706-4F63-8ABA-533C03360D33}.Debug|Any CPU.ActiveCfg = Debug|Any CPU
		{4D88C455-3706-4F63-8ABA-533C03360D33}.Debug|Any CPU.Build.0 = Debug|Any CPU
		{4D88C455-3706-4F63-8ABA-533C03360D33}.Release|Any CPU.ActiveCfg = Release|Any CPU
		{4D88C455-3706-4F63-8ABA-533C03360D33}.Release|Any CPU.Build.0 = Release|Any CPU
	EndGlobalSection
	GlobalSection(SolutionProperties) = preSolution
		HideSolutionNode = FALSE
	EndGlobalSection
	GlobalSection(ExtensibilityGlobals) = postSolution
		SolutionGuid = {2AE3B03A-4A3D-45E1-B238-C6C45A494219}
	EndGlobalSection
EndGlobal
